// !$*UTF8*$!
{
	archiveVersion = 1;
	classes = {
	};
	objectVersion = 50;
	objects = {

/* Begin PBXBuildFile section */
		690A485924C40D290097CD50 /* AppDelegate.swift in Sources */ = {isa = PBXBuildFile; fileRef = 690A485824C40D290097CD50 /* AppDelegate.swift */; };
		690A485B24C40D290097CD50 /* SceneDelegate.swift in Sources */ = {isa = PBXBuildFile; fileRef = 690A485A24C40D290097CD50 /* SceneDelegate.swift */; };
		690A486224C40D2D0097CD50 /* Assets.xcassets in Resources */ = {isa = PBXBuildFile; fileRef = 690A486124C40D2D0097CD50 /* Assets.xcassets */; };
		690A486524C40D2D0097CD50 /* LaunchScreen.storyboard in Resources */ = {isa = PBXBuildFile; fileRef = 690A486324C40D2D0097CD50 /* LaunchScreen.storyboard */; };
		690A487024C40D2D0097CD50 /* AboutCanadaTests.swift in Sources */ = {isa = PBXBuildFile; fileRef = 690A486F24C40D2D0097CD50 /* AboutCanadaTests.swift */; };
		690A487B24C40D2D0097CD50 /* AboutCanadaUITests.swift in Sources */ = {isa = PBXBuildFile; fileRef = 690A487A24C40D2D0097CD50 /* AboutCanadaUITests.swift */; };
/* End PBXBuildFile section */

/* Begin PBXContainerItemProxy section */
		690A486C24C40D2D0097CD50 /* PBXContainerItemProxy */ = {
			isa = PBXContainerItemProxy;
			containerPortal = 690A484D24C40D290097CD50 /* Project object */;
			proxyType = 1;
			remoteGlobalIDString = 690A485424C40D290097CD50;
			remoteInfo = AboutCanada;
		};
		690A487724C40D2D0097CD50 /* PBXContainerItemProxy */ = {
			isa = PBXContainerItemProxy;
			containerPortal = 690A484D24C40D290097CD50 /* Project object */;
			proxyType = 1;
			remoteGlobalIDString = 690A485424C40D290097CD50;
			remoteInfo = AboutCanada;
		};
/* End PBXContainerItemProxy section */

/* Begin PBXFileReference section */
		690A485524C40D290097CD50 /* AboutCanada.app */ = {isa = PBXFileReference; explicitFileType = wrapper.application; includeInIndex = 0; path = AboutCanada.app; sourceTree = BUILT_PRODUCTS_DIR; };
		690A485824C40D290097CD50 /* AppDelegate.swift */ = {isa = PBXFileReference; lastKnownFileType = sourcecode.swift; path = AppDelegate.swift; sourceTree = "<group>"; };
		690A485A24C40D290097CD50 /* SceneDelegate.swift */ = {isa = PBXFileReference; lastKnownFileType = sourcecode.swift; path = SceneDelegate.swift; sourceTree = "<group>"; };
		690A486124C40D2D0097CD50 /* Assets.xcassets */ = {isa = PBXFileReference; lastKnownFileType = folder.assetcatalog; path = Assets.xcassets; sourceTree = "<group>"; };
		690A486424C40D2D0097CD50 /* Base */ = {isa = PBXFileReference; lastKnownFileType = file.storyboard; name = Base; path = Base.lproj/LaunchScreen.storyboard; sourceTree = "<group>"; };
		690A486624C40D2D0097CD50 /* Info.plist */ = {isa = PBXFileReference; lastKnownFileType = text.plist.xml; path = Info.plist; sourceTree = "<group>"; };
		690A486B24C40D2D0097CD50 /* AboutCanadaTests.xctest */ = {isa = PBXFileReference; explicitFileType = wrapper.cfbundle; includeInIndex = 0; path = AboutCanadaTests.xctest; sourceTree = BUILT_PRODUCTS_DIR; };
		690A486F24C40D2D0097CD50 /* AboutCanadaTests.swift */ = {isa = PBXFileReference; lastKnownFileType = sourcecode.swift; path = AboutCanadaTests.swift; sourceTree = "<group>"; };
		690A487124C40D2D0097CD50 /* Info.plist */ = {isa = PBXFileReference; lastKnownFileType = text.plist.xml; path = Info.plist; sourceTree = "<group>"; };
		690A487624C40D2D0097CD50 /* AboutCanadaUITests.xctest */ = {isa = PBXFileReference; explicitFileType = wrapper.cfbundle; includeInIndex = 0; path = AboutCanadaUITests.xctest; sourceTree = BUILT_PRODUCTS_DIR; };
		690A487A24C40D2D0097CD50 /* AboutCanadaUITests.swift */ = {isa = PBXFileReference; lastKnownFileType = sourcecode.swift; path = AboutCanadaUITests.swift; sourceTree = "<group>"; };
		690A487C24C40D2D0097CD50 /* Info.plist */ = {isa = PBXFileReference; lastKnownFileType = text.plist.xml; path = Info.plist; sourceTree = "<group>"; };
/* End PBXFileReference section */

/* Begin PBXFrameworksBuildPhase section */
		690A485224C40D290097CD50 /* Frameworks */ = {
			isa = PBXFrameworksBuildPhase;
			buildActionMask = 2147483647;
			files = (
			);
			runOnlyForDeploymentPostprocessing = 0;
		};
		690A486824C40D2D0097CD50 /* Frameworks */ = {
			isa = PBXFrameworksBuildPhase;
			buildActionMask = 2147483647;
			files = (
			);
			runOnlyForDeploymentPostprocessing = 0;
		};
		690A487324C40D2D0097CD50 /* Frameworks */ = {
			isa = PBXFrameworksBuildPhase;
			buildActionMask = 2147483647;
			files = (
			);
			runOnlyForDeploymentPostprocessing = 0;
		};
/* End PBXFrameworksBuildPhase section */

/* Begin PBXGroup section */
		690A484C24C40D290097CD50 = {
			isa = PBXGroup;
			children = (
				690A485724C40D290097CD50 /* AboutCanada */,
				690A486E24C40D2D0097CD50 /* AboutCanadaTests */,
				690A487924C40D2D0097CD50 /* AboutCanadaUITests */,
				690A485624C40D290097CD50 /* Products */,
			);
			sourceTree = "<group>";
		};
		690A485624C40D290097CD50 /* Products */ = {
			isa = PBXGroup;
			children = (
				690A485524C40D290097CD50 /* AboutCanada.app */,
				690A486B24C40D2D0097CD50 /* AboutCanadaTests.xctest */,
				690A487624C40D2D0097CD50 /* AboutCanadaUITests.xctest */,
			);
			name = Products;
			sourceTree = "<group>";
		};
		690A485724C40D290097CD50 /* AboutCanada */ = {
			isa = PBXGroup;
			children = (
				693E3EC424C4325600A151D7 /* Model */,
				693E3EC324C4323100A151D7 /* ServiceManager */,
				693E3EC024C431DE00A151D7 /* Views */,
				690A485824C40D290097CD50 /* AppDelegate.swift */,
				690A485A24C40D290097CD50 /* SceneDelegate.swift */,
				690A486124C40D2D0097CD50 /* Assets.xcassets */,
				690A486324C40D2D0097CD50 /* LaunchScreen.storyboard */,
				690A486624C40D2D0097CD50 /* Info.plist */,
			);
			path = AboutCanada;
			sourceTree = "<group>";
		};
		690A486E24C40D2D0097CD50 /* AboutCanadaTests */ = {
			isa = PBXGroup;
			children = (
				690A486F24C40D2D0097CD50 /* AboutCanadaTests.swift */,
				690A487124C40D2D0097CD50 /* Info.plist */,
			);
			path = AboutCanadaTests;
			sourceTree = "<group>";
		};
		690A487924C40D2D0097CD50 /* AboutCanadaUITests */ = {
			isa = PBXGroup;
			children = (
				690A487A24C40D2D0097CD50 /* AboutCanadaUITests.swift */,
				690A487C24C40D2D0097CD50 /* Info.plist */,
			);
			path = AboutCanadaUITests;
			sourceTree = "<group>";
		};
		693E3EC024C431DE00A151D7 /* Views */ = {
			isa = PBXGroup;
			children = (
				693E3EC224C4320F00A151D7 /* Cells */,
				693E3EC124C431F200A151D7 /* ViewController */,
			);
			path = Views;
			sourceTree = "<group>";
		};
		693E3EC124C431F200A151D7 /* ViewController */ = {
			isa = PBXGroup;
			children = (
			);
			path = ViewController;
			sourceTree = "<group>";
		};
		693E3EC224C4320F00A151D7 /* Cells */ = {
			isa = PBXGroup;
			children = (
			);
			path = Cells;
			sourceTree = "<group>";
		};
		693E3EC324C4323100A151D7 /* ServiceManager */ = {
			isa = PBXGroup;
			children = (
			);
			path = ServiceManager;
			sourceTree = "<group>";
		};
		693E3EC424C4325600A151D7 /* Model */ = {
			isa = PBXGroup;
			children = (
			);
			path = Model;
			sourceTree = "<group>";
		};
/* End PBXGroup section */

/* Begin PBXNativeTarget section */
		690A485424C40D290097CD50 /* AboutCanada */ = {
			isa = PBXNativeTarget;
			buildConfigurationList = 690A487F24C40D2D0097CD50 /* Build configuration list for PBXNativeTarget "AboutCanada" */;
			buildPhases = (
				690A485124C40D290097CD50 /* Sources */,
				690A485224C40D290097CD50 /* Frameworks */,
				690A485324C40D290097CD50 /* Resources */,
			);
			buildRules = (
			);
			dependencies = (
			);
			name = AboutCanada;
			productName = AboutCanada;
			productReference = 690A485524C40D290097CD50 /* AboutCanada.app */;
			productType = "com.apple.product-type.application";
		};
		690A486A24C40D2D0097CD50 /* AboutCanadaTests */ = {
			isa = PBXNativeTarget;
			buildConfigurationList = 690A488224C40D2D0097CD50 /* Build configuration list for PBXNativeTarget "AboutCanadaTests" */;
			buildPhases = (
				690A486724C40D2D0097CD50 /* Sources */,
				690A486824C40D2D0097CD50 /* Frameworks */,
				690A486924C40D2D0097CD50 /* Resources */,
			);
			buildRules = (
			);
			dependencies = (
				690A486D24C40D2D0097CD50 /* PBXTargetDependency */,
			);
			name = AboutCanadaTests;
			productName = AboutCanadaTests;
			productReference = 690A486B24C40D2D0097CD50 /* AboutCanadaTests.xctest */;
			productType = "com.apple.product-type.bundle.unit-test";
		};
		690A487524C40D2D0097CD50 /* AboutCanadaUITests */ = {
			isa = PBXNativeTarget;
			buildConfigurationList = 690A488524C40D2D0097CD50 /* Build configuration list for PBXNativeTarget "AboutCanadaUITests" */;
			buildPhases = (
				690A487224C40D2D0097CD50 /* Sources */,
				690A487324C40D2D0097CD50 /* Frameworks */,
				690A487424C40D2D0097CD50 /* Resources */,
			);
			buildRules = (
			);
			dependencies = (
				690A487824C40D2D0097CD50 /* PBXTargetDependency */,
			);
			name = AboutCanadaUITests;
			productName = AboutCanadaUITests;
			productReference = 690A487624C40D2D0097CD50 /* AboutCanadaUITests.xctest */;
			productType = "com.apple.product-type.bundle.ui-testing";
		};
/* End PBXNativeTarget section */

/* Begin PBXProject section */
		690A484D24C40D290097CD50 /* Project object */ = {
			isa = PBXProject;
			attributes = {
				LastSwiftUpdateCheck = 1130;
				LastUpgradeCheck = 1130;
				ORGANIZATIONNAME = "Sarath Sasi";
				TargetAttributes = {
					690A485424C40D290097CD50 = {
						CreatedOnToolsVersion = 11.3.1;
					};
					690A486A24C40D2D0097CD50 = {
						CreatedOnToolsVersion = 11.3.1;
						TestTargetID = 690A485424C40D290097CD50;
					};
					690A487524C40D2D0097CD50 = {
						CreatedOnToolsVersion = 11.3.1;
						TestTargetID = 690A485424C40D290097CD50;
					};
				};
			};
			buildConfigurationList = 690A485024C40D290097CD50 /* Build configuration list for PBXProject "AboutCanada" */;
			compatibilityVersion = "Xcode 9.3";
			developmentRegion = en;
			hasScannedForEncodings = 0;
			knownRegions = (
				en,
				Base,
			);
			mainGroup = 690A484C24C40D290097CD50;
			productRefGroup = 690A485624C40D290097CD50 /* Products */;
			projectDirPath = "";
			projectRoot = "";
			targets = (
				690A485424C40D290097CD50 /* AboutCanada */,
				690A486A24C40D2D0097CD50 /* AboutCanadaTests */,
				690A487524C40D2D0097CD50 /* AboutCanadaUITests */,
			);
		};
/* End PBXProject section */

/* Begin PBXResourcesBuildPhase section */
		690A485324C40D290097CD50 /* Resources */ = {
			isa = PBXResourcesBuildPhase;
			buildActionMask = 2147483647;
			files = (
				690A486524C40D2D0097CD50 /* LaunchScreen.storyboard in Resources */,
				690A486224C40D2D0097CD50 /* Assets.xcassets in Resources */,
			);
			runOnlyForDeploymentPostprocessing = 0;
		};
		690A486924C40D2D0097CD50 /* Resources */ = {
			isa = PBXResourcesBuildPhase;
			buildActionMask = 2147483647;
			files = (
			);
			runOnlyForDeploymentPostprocessing = 0;
		};
		690A487424C40D2D0097CD50 /* Resources */ = {
			isa = PBXResourcesBuildPhase;
			buildActionMask = 2147483647;
			files = (
			);
			runOnlyForDeploymentPostprocessing = 0;
		};
/* End PBXResourcesBuildPhase section */

/* Begin PBXSourcesBuildPhase section */
		690A485124C40D290097CD50 /* Sources */ = {
			isa = PBXSourcesBuildPhase;
			buildActionMask = 2147483647;
			files = (
				690A485924C40D290097CD50 /* AppDelegate.swift in Sources */,
				690A485B24C40D290097CD50 /* SceneDelegate.swift in Sources */,
			);
			runOnlyForDeploymentPostprocessing = 0;
		};
		690A486724C40D2D0097CD50 /* Sources */ = {
			isa = PBXSourcesBuildPhase;
			buildActionMask = 2147483647;
			files = (
				690A487024C40D2D0097CD50 /* AboutCanadaTests.swift in Sources */,
			);
			runOnlyForDeploymentPostprocessing = 0;
		};
		690A487224C40D2D0097CD50 /* Sources */ = {
			isa = PBXSourcesBuildPhase;
			buildActionMask = 2147483647;
			files = (
				690A487B24C40D2D0097CD50 /* AboutCanadaUITests.swift in Sources */,
			);
			runOnlyForDeploymentPostprocessing = 0;
		};
/* End PBXSourcesBuildPhase section */

/* Begin PBXTargetDependency section */
		690A486D24C40D2D0097CD50 /* PBXTargetDependency */ = {
			isa = PBXTargetDependency;
			target = 690A485424C40D290097CD50 /* AboutCanada */;
			targetProxy = 690A486C24C40D2D0097CD50 /* PBXContainerItemProxy */;
		};
		690A487824C40D2D0097CD50 /* PBXTargetDependency */ = {
			isa = PBXTargetDependency;
			target = 690A485424C40D290097CD50 /* AboutCanada */;
			targetProxy = 690A487724C40D2D0097CD50 /* PBXContainerItemProxy */;
		};
/* End PBXTargetDependency section */

/* Begin PBXVariantGroup section */
		690A486324C40D2D0097CD50 /* LaunchScreen.storyboard */ = {
			isa = PBXVariantGroup;
			children = (
				690A486424C40D2D0097CD50 /* Base */,
			);
			name = LaunchScreen.storyboard;
			sourceTree = "<group>";
		};
/* End PBXVariantGroup section */

/* Begin XCBuildConfiguration section */
		690A487D24C40D2D0097CD50 /* Debug */ = {
			isa = XCBuildConfiguration;
			buildSettings = {
				ALWAYS_SEARCH_USER_PATHS = NO;
				CLANG_ANALYZER_NONNULL = YES;
				CLANG_ANALYZER_NUMBER_OBJECT_CONVERSION = YES_AGGRESSIVE;
				CLANG_CXX_LANGUAGE_STANDARD = "gnu++14";
				CLANG_CXX_LIBRARY = "libc++";
				CLANG_ENABLE_MODULES = YES;
				CLANG_ENABLE_OBJC_ARC = YES;
				CLANG_ENABLE_OBJC_WEAK = YES;
				CLANG_WARN_BLOCK_CAPTURE_AUTORELEASING = YES;
				CLANG_WARN_BOOL_CONVERSION = YES;
				CLANG_WARN_COMMA = YES;
				CLANG_WARN_CONSTANT_CONVERSION = YES;
				CLANG_WARN_DEPRECATED_OBJC_IMPLEMENTATIONS = YES;
				CLANG_WARN_DIRECT_OBJC_ISA_USAGE = YES_ERROR;
				CLANG_WARN_DOCUMENTATION_COMMENTS = YES;
				CLANG_WARN_EMPTY_BODY = YES;
				CLANG_WARN_ENUM_CONVERSION = YES;
				CLANG_WARN_INFINITE_RECURSION = YES;
				CLANG_WARN_INT_CONVERSION = YES;
				CLANG_WARN_NON_LITERAL_NULL_CONVERSION = YES;
				CLANG_WARN_OBJC_IMPLICIT_RETAIN_SELF = YES;
				CLANG_WARN_OBJC_LITERAL_CONVERSION = YES;
				CLANG_WARN_OBJC_ROOT_CLASS = YES_ERROR;
				CLANG_WARN_RANGE_LOOP_ANALYSIS = YES;
				CLANG_WARN_STRICT_PROTOTYPES = YES;
				CLANG_WARN_SUSPICIOUS_MOVE = YES;
				CLANG_WARN_UNGUARDED_AVAILABILITY = YES_AGGRESSIVE;
				CLANG_WARN_UNREACHABLE_CODE = YES;
				CLANG_WARN__DUPLICATE_METHOD_MATCH = YES;
				COPY_PHASE_STRIP = NO;
				DEBUG_INFORMATION_FORMAT = dwarf;
				ENABLE_STRICT_OBJC_MSGSEND = YES;
				ENABLE_TESTABILITY = YES;
				GCC_C_LANGUAGE_STANDARD = gnu11;
				GCC_DYNAMIC_NO_PIC = NO;
				GCC_NO_COMMON_BLOCKS = YES;
				GCC_OPTIMIZATION_LEVEL = 0;
				GCC_PREPROCESSOR_DEFINITIONS = (
					"DEBUG=1",
					"$(inherited)",
				);
				GCC_WARN_64_TO_32_BIT_CONVERSION = YES;
				GCC_WARN_ABOUT_RETURN_TYPE = YES_ERROR;
				GCC_WARN_UNDECLARED_SELECTOR = YES;
				GCC_WARN_UNINITIALIZED_AUTOS = YES_AGGRESSIVE;
				GCC_WARN_UNUSED_FUNCTION = YES;
				GCC_WARN_UNUSED_VARIABLE = YES;
				IPHONEOS_DEPLOYMENT_TARGET = 13.2;
				MTL_ENABLE_DEBUG_INFO = INCLUDE_SOURCE;
				MTL_FAST_MATH = YES;
				ONLY_ACTIVE_ARCH = YES;
				SDKROOT = iphoneos;
				SWIFT_ACTIVE_COMPILATION_CONDITIONS = DEBUG;
				SWIFT_OPTIMIZATION_LEVEL = "-Onone";
			};
			name = Debug;
		};
		690A487E24C40D2D0097CD50 /* Release */ = {
			isa = XCBuildConfiguration;
			buildSettings = {
				ALWAYS_SEARCH_USER_PATHS = NO;
				CLANG_ANALYZER_NONNULL = YES;
				CLANG_ANALYZER_NUMBER_OBJECT_CONVERSION = YES_AGGRESSIVE;
				CLANG_CXX_LANGUAGE_STANDARD = "gnu++14";
				CLANG_CXX_LIBRARY = "libc++";
				CLANG_ENABLE_MODULES = YES;
				CLANG_ENABLE_OBJC_ARC = YES;
				CLANG_ENABLE_OBJC_WEAK = YES;
				CLANG_WARN_BLOCK_CAPTURE_AUTORELEASING = YES;
				CLANG_WARN_BOOL_CONVERSION = YES;
				CLANG_WARN_COMMA = YES;
				CLANG_WARN_CONSTANT_CONVERSION = YES;
				CLANG_WARN_DEPRECATED_OBJC_IMPLEMENTATIONS = YES;
				CLANG_WARN_DIRECT_OBJC_ISA_USAGE = YES_ERROR;
				CLANG_WARN_DOCUMENTATION_COMMENTS = YES;
				CLANG_WARN_EMPTY_BODY = YES;
				CLANG_WARN_ENUM_CONVERSION = YES;
				CLANG_WARN_INFINITE_RECURSION = YES;
				CLANG_WARN_INT_CONVERSION = YES;
				CLANG_WARN_NON_LITERAL_NULL_CONVERSION = YES;
				CLANG_WARN_OBJC_IMPLICIT_RETAIN_SELF = YES;
				CLANG_WARN_OBJC_LITERAL_CONVERSION = YES;
				CLANG_WARN_OBJC_ROOT_CLASS = YES_ERROR;
				CLANG_WARN_RANGE_LOOP_ANALYSIS = YES;
				CLANG_WARN_STRICT_PROTOTYPES = YES;
				CLANG_WARN_SUSPICIOUS_MOVE = YES;
				CLANG_WARN_UNGUARDED_AVAILABILITY = YES_AGGRESSIVE;
				CLANG_WARN_UNREACHABLE_CODE = YES;
				CLANG_WARN__DUPLICATE_METHOD_MATCH = YES;
				COPY_PHASE_STRIP = NO;
				DEBUG_INFORMATION_FORMAT = "dwarf-with-dsym";
				ENABLE_NS_ASSERTIONS = NO;
				ENABLE_STRICT_OBJC_MSGSEND = YES;
				GCC_C_LANGUAGE_STANDARD = gnu11;
				GCC_NO_COMMON_BLOCKS = YES;
				GCC_WARN_64_TO_32_BIT_CONVERSION = YES;
				GCC_WARN_ABOUT_RETURN_TYPE = YES_ERROR;
				GCC_WARN_UNDECLARED_SELECTOR = YES;
				GCC_WARN_UNINITIALIZED_AUTOS = YES_AGGRESSIVE;
				GCC_WARN_UNUSED_FUNCTION = YES;
				GCC_WARN_UNUSED_VARIABLE = YES;
				IPHONEOS_DEPLOYMENT_TARGET = 13.2;
				MTL_ENABLE_DEBUG_INFO = NO;
				MTL_FAST_MATH = YES;
				SDKROOT = iphoneos;
				SWIFT_COMPILATION_MODE = wholemodule;
				SWIFT_OPTIMIZATION_LEVEL = "-O";
				VALIDATE_PRODUCT = YES;
			};
			name = Release;
		};
		690A488024C40D2D0097CD50 /* Debug */ = {
			isa = XCBuildConfiguration;
			buildSettings = {
				ASSETCATALOG_COMPILER_APPICON_NAME = AppIcon;
				CODE_SIGN_STYLE = Automatic;
				INFOPLIST_FILE = AboutCanada/Info.plist;
				IPHONEOS_DEPLOYMENT_TARGET = 11.0;
				LD_RUNPATH_SEARCH_PATHS = (
					"$(inherited)",
					"@executable_path/Frameworks",
				);
				PRODUCT_BUNDLE_IDENTIFIER = com.AboutCanada;
				PRODUCT_NAME = "$(TARGET_NAME)";
				SWIFT_VERSION = 5.0;
				TARGETED_DEVICE_FAMILY = "1,2";
			};
			name = Debug;
		};
		690A488124C40D2D0097CD50 /* Release */ = {
			isa = XCBuildConfiguration;
			buildSettings = {
				ASSETCATALOG_COMPILER_APPICON_NAME = AppIcon;
				CODE_SIGN_STYLE = Automatic;
				INFOPLIST_FILE = AboutCanada/Info.plist;
				IPHONEOS_DEPLOYMENT_TARGET = 11.0;
				LD_RUNPATH_SEARCH_PATHS = (
					"$(inherited)",
					"@executable_path/Frameworks",
				);
				PRODUCT_BUNDLE_IDENTIFIER = com.AboutCanada;
				PRODUCT_NAME = "$(TARGET_NAME)";
				SWIFT_VERSION = 5.0;
				TARGETED_DEVICE_FAMILY = "1,2";
			};
			name = Release;
		};
		690A488324C40D2D0097CD50 /* Debug */ = {
			isa = XCBuildConfiguration;
			buildSettings = {
				ALWAYS_EMBED_SWIFT_STANDARD_LIBRARIES = YES;
				BUNDLE_LOADER = "$(TEST_HOST)";
				CODE_SIGN_STYLE = Automatic;
				INFOPLIST_FILE = AboutCanadaTests/Info.plist;
				IPHONEOS_DEPLOYMENT_TARGET = 13.2;
				LD_RUNPATH_SEARCH_PATHS = (
					"$(inherited)",
					"@executable_path/Frameworks",
					"@loader_path/Frameworks",
				);
				PRODUCT_BUNDLE_IDENTIFIER = com.AboutCanadaTests;
				PRODUCT_NAME = "$(TARGET_NAME)";
				SWIFT_VERSION = 5.0;
				TARGETED_DEVICE_FAMILY = "1,2";
				TEST_HOST = "$(BUILT_PRODUCTS_DIR)/AboutCanada.app/AboutCanada";
			};
			name = Debug;
		};
		690A488424C40D2D0097CD50 /* Release */ = {
			isa = XCBuildConfiguration;
			buildSettings = {
				ALWAYS_EMBED_SWIFT_STANDARD_LIBRARIES = YES;
				BUNDLE_LOADER = "$(TEST_HOST)";
				CODE_SIGN_STYLE = Automatic;
				INFOPLIST_FILE = AboutCanadaTests/Info.plist;
				IPHONEOS_DEPLOYMENT_TARGET = 13.2;
				LD_RUNPATH_SEARCH_PATHS = (
					"$(inherited)",
					"@executable_path/Frameworks",
					"@loader_path/Frameworks",
				);
				PRODUCT_BUNDLE_IDENTIFIER = com.AboutCanadaTests;
				PRODUCT_NAME = "$(TARGET_NAME)";
				SWIFT_VERSION = 5.0;
				TARGETED_DEVICE_FAMILY = "1,2";
				TEST_HOST = "$(BUILT_PRODUCTS_DIR)/AboutCanada.app/AboutCanada";
			};
			name = Release;
		};
		690A488624C40D2D0097CD50 /* Debug */ = {
			isa = XCBuildConfiguration;
			buildSettings = {
				ALWAYS_EMBED_SWIFT_STANDARD_LIBRARIES = YES;
				CODE_SIGN_STYLE = Automatic;
				INFOPLIST_FILE = AboutCanadaUITests/Info.plist;
				LD_RUNPATH_SEARCH_PATHS = (
					"$(inherited)",
					"@executable_path/Frameworks",
					"@loader_path/Frameworks",
				);
				PRODUCT_BUNDLE_IDENTIFIER = com.AboutCanadaUITests;
				PRODUCT_NAME = "$(TARGET_NAME)";
				SWIFT_VERSION = 5.0;
				TARGETED_DEVICE_FAMILY = "1,2";
				TEST_TARGET_NAME = AboutCanada;
			};
			name = Debug;
		};
		690A488724C40D2D0097CD50 /* Release */ = {
			isa = XCBuildConfiguration;
			buildSettings = {
				ALWAYS_EMBED_SWIFT_STANDARD_LIBRARIES = YES;
				CODE_SIGN_STYLE = Automatic;
				INFOPLIST_FILE = AboutCanadaUITests/Info.plist;
				LD_RUNPATH_SEARCH_PATHS = (
					"$(inherited)",
					"@executable_path/Frameworks",
					"@loader_path/Frameworks",
				);
				PRODUCT_BUNDLE_IDENTIFIER = com.AboutCanadaUITests;
				PRODUCT_NAME = "$(TARGET_NAME)";
				SWIFT_VERSION = 5.0;
				TARGETED_DEVICE_FAMILY = "1,2";
				TEST_TARGET_NAME = AboutCanada;
			};
			name = Release;
		};
/* End XCBuildConfiguration section */

/* Begin XCConfigurationList section */
		690A485024C40D290097CD50 /* Build configuration list for PBXProject "AboutCanada" */ = {
			isa = XCConfigurationList;
			buildConfigurations = (
				690A487D24C40D2D0097CD50 /* Debug */,
				690A487E24C40D2D0097CD50 /* Release */,
			);
			defaultConfigurationIsVisible = 0;
			defaultConfigurationName = Release;
		};
		690A487F24C40D2D0097CD50 /* Build configuration list for PBXNativeTarget "AboutCanada" */ = {
			isa = XCConfigurationList;
			buildConfigurations = (
				690A488024C40D2D0097CD50 /* Debug */,
				690A488124C40D2D0097CD50 /* Release */,
			);
			defaultConfigurationIsVisible = 0;
			defaultConfigurationName = Release;
		};
		690A488224C40D2D0097CD50 /* Build configuration list for PBXNativeTarget "AboutCanadaTests" */ = {
			isa = XCConfigurationList;
			buildConfigurations = (
				690A488324C40D2D0097CD50 /* Debug */,
				690A488424C40D2D0097CD50 /* Release */,
			);
			defaultConfigurationIsVisible = 0;
			defaultConfigurationName = Release;
		};
		690A488524C40D2D0097CD50 /* Build configuration list for PBXNativeTarget "AboutCanadaUITests" */ = {
			isa = XCConfigurationList;
			buildConfigurations = (
				690A488624C40D2D0097CD50 /* Debug */,
				690A488724C40D2D0097CD50 /* Release */,
			);
			defaultConfigurationIsVisible = 0;
			defaultConfigurationName = Release;
		};
/* End XCConfigurationList section */
	};
	rootObject = 690A484D24C40D290097CD50 /* Project object */;
}
